// !$*UTF8*$!
{
	archiveVersion = 1;
	classes = {
	};
	objectVersion = 46;
	objects = {

/* Begin PBXBuildFile section */
		38EFDDB41BA6FCFC0021B367 /* AppDelegate.swift in Sources */ = {isa = PBXBuildFile; fileRef = 38EFDDB31BA6FCFC0021B367 /* AppDelegate.swift */; };
		38EFDDB91BA6FCFC0021B367 /* Main.storyboard in Resources */ = {isa = PBXBuildFile; fileRef = 38EFDDB71BA6FCFC0021B367 /* Main.storyboard */; };
		38EFDDBB1BA6FCFC0021B367 /* Images.xcassets in Resources */ = {isa = PBXBuildFile; fileRef = 38EFDDBA1BA6FCFC0021B367 /* Images.xcassets */; };
		38EFDDBE1BA6FCFC0021B367 /* LaunchScreen.xib in Resources */ = {isa = PBXBuildFile; fileRef = 38EFDDBC1BA6FCFC0021B367 /* LaunchScreen.xib */; };
		38EFDDCA1BA6FCFC0021B367 /* donantesTests.swift in Sources */ = {isa = PBXBuildFile; fileRef = 38EFDDC91BA6FCFC0021B367 /* donantesTests.swift */; };
		F1026F271BB3D8E9003C69B5 /* APIParseCommunicator.swift in Sources */ = {isa = PBXBuildFile; fileRef = F1026F261BB3D8E9003C69B5 /* APIParseCommunicator.swift */; settings = {ASSET_TAGS = (); }; };
		F1026F281BB3D8EA003C69B5 /* APIParseCommunicator.swift in Sources */ = {isa = PBXBuildFile; fileRef = F1026F261BB3D8E9003C69B5 /* APIParseCommunicator.swift */; settings = {ASSET_TAGS = (); }; };
		F1026F2A1BB3EEE3003C69B5 /* PuntoDeDonacion.swift in Sources */ = {isa = PBXBuildFile; fileRef = F1026F291BB3EEE3003C69B5 /* PuntoDeDonacion.swift */; settings = {ASSET_TAGS = (); }; };
		F1026F2B1BB3EEE3003C69B5 /* PuntoDeDonacion.swift in Sources */ = {isa = PBXBuildFile; fileRef = F1026F291BB3EEE3003C69B5 /* PuntoDeDonacion.swift */; settings = {ASSET_TAGS = (); }; };
		F1026F2D1BB3F3AE003C69B5 /* HorarioDeDonacion.swift in Sources */ = {isa = PBXBuildFile; fileRef = F1026F2C1BB3F3AE003C69B5 /* HorarioDeDonacion.swift */; settings = {ASSET_TAGS = (); }; };
		F1026F2E1BB3F3AE003C69B5 /* HorarioDeDonacion.swift in Sources */ = {isa = PBXBuildFile; fileRef = F1026F2C1BB3F3AE003C69B5 /* HorarioDeDonacion.swift */; settings = {ASSET_TAGS = (); }; };
		F1026F301BB40C3E003C69B5 /* AppInfo.swift in Sources */ = {isa = PBXBuildFile; fileRef = F1026F2F1BB40C3E003C69B5 /* AppInfo.swift */; settings = {ASSET_TAGS = (); }; };
		F1026F311BB40C3E003C69B5 /* AppInfo.swift in Sources */ = {isa = PBXBuildFile; fileRef = F1026F2F1BB40C3E003C69B5 /* AppInfo.swift */; settings = {ASSET_TAGS = (); }; };
		F12311511BAB056200680048 /* CentroRegional.swift in Sources */ = {isa = PBXBuildFile; fileRef = F12311501BAB056200680048 /* CentroRegional.swift */; };
		F12311521BAB056200680048 /* CentroRegional.swift in Sources */ = {isa = PBXBuildFile; fileRef = F12311501BAB056200680048 /* CentroRegional.swift */; };
		F123115C1BAB05E200680048 /* CentroDeDonacionTableViewCell.swift in Sources */ = {isa = PBXBuildFile; fileRef = F123115B1BAB05E200680048 /* CentroDeDonacionTableViewCell.swift */; };
		F123115D1BAB05E200680048 /* CentroDeDonacionTableViewCell.swift in Sources */ = {isa = PBXBuildFile; fileRef = F123115B1BAB05E200680048 /* CentroDeDonacionTableViewCell.swift */; };
		F123115F1BAB063900680048 /* ConfiguracionInicialIdentificadorDeDonanteViewController.swift in Sources */ = {isa = PBXBuildFile; fileRef = F123115E1BAB063900680048 /* ConfiguracionInicialIdentificadorDeDonanteViewController.swift */; };
		F12311601BAB063900680048 /* ConfiguracionInicialIdentificadorDeDonanteViewController.swift in Sources */ = {isa = PBXBuildFile; fileRef = F123115E1BAB063900680048 /* ConfiguracionInicialIdentificadorDeDonanteViewController.swift */; };
		F12311621BAB064B00680048 /* ConfiguracionInicialGrupoSanguineoViewController.swift in Sources */ = {isa = PBXBuildFile; fileRef = F12311611BAB064B00680048 /* ConfiguracionInicialGrupoSanguineoViewController.swift */; };
		F12311631BAB064B00680048 /* ConfiguracionInicialGrupoSanguineoViewController.swift in Sources */ = {isa = PBXBuildFile; fileRef = F12311611BAB064B00680048 /* ConfiguracionInicialGrupoSanguineoViewController.swift */; };
		F133DD3B1BB2CA8000C84D16 /* Bolts.framework in Frameworks */ = {isa = PBXBuildFile; fileRef = F133DD391BB2CA8000C84D16 /* Bolts.framework */; settings = {ASSET_TAGS = (); }; };
		F133DD3C1BB2CA8000C84D16 /* Bolts.framework in Frameworks */ = {isa = PBXBuildFile; fileRef = F133DD391BB2CA8000C84D16 /* Bolts.framework */; settings = {ASSET_TAGS = (); }; };
		F133DD3D1BB2CA8000C84D16 /* Parse.framework in Frameworks */ = {isa = PBXBuildFile; fileRef = F133DD3A1BB2CA8000C84D16 /* Parse.framework */; settings = {ASSET_TAGS = (); }; };
		F133DD3E1BB2CA8000C84D16 /* Parse.framework in Frameworks */ = {isa = PBXBuildFile; fileRef = F133DD3A1BB2CA8000C84D16 /* Parse.framework */; settings = {ASSET_TAGS = (); }; };
		F16F314C1BB2ED2300BE1E68 /* SystemConfiguration.framework in Frameworks */ = {isa = PBXBuildFile; fileRef = F16F314B1BB2ED2300BE1E68 /* SystemConfiguration.framework */; };
		F16F314E1BB2ED2C00BE1E68 /* AudioToolbox.framework in Frameworks */ = {isa = PBXBuildFile; fileRef = F16F314D1BB2ED2C00BE1E68 /* AudioToolbox.framework */; };
		F16F31501BB2ED7E00BE1E68 /* libstdc++.6.tbd in Frameworks */ = {isa = PBXBuildFile; fileRef = F16F314F1BB2ED7E00BE1E68 /* libstdc++.6.tbd */; };
		F16F31521BB2ED8A00BE1E68 /* libsqlite3.tbd in Frameworks */ = {isa = PBXBuildFile; fileRef = F16F31511BB2ED8A00BE1E68 /* libsqlite3.tbd */; };
		F1E37BB01BA9963F00B78605 /* MainViewController.swift in Sources */ = {isa = PBXBuildFile; fileRef = F1E37BAF1BA9963F00B78605 /* MainViewController.swift */; };
		F1E37BB11BA9963F00B78605 /* MainViewController.swift in Sources */ = {isa = PBXBuildFile; fileRef = F1E37BAF1BA9963F00B78605 /* MainViewController.swift */; };
		F1E37BB31BA9997B00B78605 /* MainOptionsTableViewCell.swift in Sources */ = {isa = PBXBuildFile; fileRef = F1E37BB21BA9997B00B78605 /* MainOptionsTableViewCell.swift */; };
		F1E37BB41BA9997B00B78605 /* MainOptionsTableViewCell.swift in Sources */ = {isa = PBXBuildFile; fileRef = F1E37BB21BA9997B00B78605 /* MainOptionsTableViewCell.swift */; };
		F1E37BB61BA99A1600B78605 /* ModuloOpcion.swift in Sources */ = {isa = PBXBuildFile; fileRef = F1E37BB51BA99A1600B78605 /* ModuloOpcion.swift */; };
		F1E37BB71BA99A1600B78605 /* ModuloOpcion.swift in Sources */ = {isa = PBXBuildFile; fileRef = F1E37BB51BA99A1600B78605 /* ModuloOpcion.swift */; };
		F1E37BB91BA9B5AA00B78605 /* DondeDonar.storyboard in Resources */ = {isa = PBXBuildFile; fileRef = F1E37BB81BA9B5AA00B78605 /* DondeDonar.storyboard */; };
		F1E37BBA1BA9B5AA00B78605 /* DondeDonar.storyboard in Resources */ = {isa = PBXBuildFile; fileRef = F1E37BB81BA9B5AA00B78605 /* DondeDonar.storyboard */; };
		F1E37BBC1BA9B5B200B78605 /* AgendaDonaciones.storyboard in Resources */ = {isa = PBXBuildFile; fileRef = F1E37BBB1BA9B5B200B78605 /* AgendaDonaciones.storyboard */; };
		F1E37BBD1BA9B5B200B78605 /* AgendaDonaciones.storyboard in Resources */ = {isa = PBXBuildFile; fileRef = F1E37BBB1BA9B5B200B78605 /* AgendaDonaciones.storyboard */; };
		F1E37BBF1BA9B5BF00B78605 /* InformacionAlDonante.storyboard in Resources */ = {isa = PBXBuildFile; fileRef = F1E37BBE1BA9B5BF00B78605 /* InformacionAlDonante.storyboard */; };
		F1E37BC01BA9B5BF00B78605 /* InformacionAlDonante.storyboard in Resources */ = {isa = PBXBuildFile; fileRef = F1E37BBE1BA9B5BF00B78605 /* InformacionAlDonante.storyboard */; };
		F1E37BC21BA9B5C900B78605 /* Mensajes.storyboard in Resources */ = {isa = PBXBuildFile; fileRef = F1E37BC11BA9B5C900B78605 /* Mensajes.storyboard */; };
		F1E37BC31BA9B5C900B78605 /* Mensajes.storyboard in Resources */ = {isa = PBXBuildFile; fileRef = F1E37BC11BA9B5C900B78605 /* Mensajes.storyboard */; };
		F1E37BC51BA9B5D300B78605 /* Configuracion.storyboard in Resources */ = {isa = PBXBuildFile; fileRef = F1E37BC41BA9B5D300B78605 /* Configuracion.storyboard */; };
		F1E37BC61BA9B5D300B78605 /* Configuracion.storyboard in Resources */ = {isa = PBXBuildFile; fileRef = F1E37BC41BA9B5D300B78605 /* Configuracion.storyboard */; };
		F1E37BC71BA9B80600B78605 /* AppDelegate.swift in Sources */ = {isa = PBXBuildFile; fileRef = 38EFDDB31BA6FCFC0021B367 /* AppDelegate.swift */; };
		F1E37BCC1BA9C08300B78605 /* ConfiguracionInicialSeleccionarCentroDonacionViewController.swift in Sources */ = {isa = PBXBuildFile; fileRef = F1E37BCB1BA9C08300B78605 /* ConfiguracionInicialSeleccionarCentroDonacionViewController.swift */; };
		F1E37BCD1BA9C08300B78605 /* ConfiguracionInicialSeleccionarCentroDonacionViewController.swift in Sources */ = {isa = PBXBuildFile; fileRef = F1E37BCB1BA9C08300B78605 /* ConfiguracionInicialSeleccionarCentroDonacionViewController.swift */; };
		F1E37BDA1BAAD74900B78605 /* UIView+InnerShadow.m in Sources */ = {isa = PBXBuildFile; fileRef = F1E37BD91BAAD74900B78605 /* UIView+InnerShadow.m */; };
		F1E37BDB1BAAD74900B78605 /* UIView+InnerShadow.m in Sources */ = {isa = PBXBuildFile; fileRef = F1E37BD91BAAD74900B78605 /* UIView+InnerShadow.m */; };
		F1E4C4BC1BB93E9800E2904C /* ListadoPuntosDonacionViewController.swift in Sources */ = {isa = PBXBuildFile; fileRef = F1E4C4BB1BB93E9800E2904C /* ListadoPuntosDonacionViewController.swift */; settings = {ASSET_TAGS = (); }; };
		F1E4C4BD1BB93E9800E2904C /* ListadoPuntosDonacionViewController.swift in Sources */ = {isa = PBXBuildFile; fileRef = F1E4C4BB1BB93E9800E2904C /* ListadoPuntosDonacionViewController.swift */; settings = {ASSET_TAGS = (); }; };
		F1E4C4BF1BB9557D00E2904C /* PuntoDeDonacionTableViewCell.swift in Sources */ = {isa = PBXBuildFile; fileRef = F1E4C4BE1BB9557D00E2904C /* PuntoDeDonacionTableViewCell.swift */; settings = {ASSET_TAGS = (); }; };
		F1E4C4C01BB9557D00E2904C /* PuntoDeDonacionTableViewCell.swift in Sources */ = {isa = PBXBuildFile; fileRef = F1E4C4BE1BB9557D00E2904C /* PuntoDeDonacionTableViewCell.swift */; settings = {ASSET_TAGS = (); }; };
		F1E4C4C21BB9590500E2904C /* DetallePuntoDonacionViewController.swift in Sources */ = {isa = PBXBuildFile; fileRef = F1E4C4C11BB9590500E2904C /* DetallePuntoDonacionViewController.swift */; settings = {ASSET_TAGS = (); }; };
		F1E4C4C31BB9590500E2904C /* DetallePuntoDonacionViewController.swift in Sources */ = {isa = PBXBuildFile; fileRef = F1E4C4C11BB9590500E2904C /* DetallePuntoDonacionViewController.swift */; settings = {ASSET_TAGS = (); }; };
		F1E4C4C51BBAAA3100E2904C /* DonantesViewController.swift in Sources */ = {isa = PBXBuildFile; fileRef = F1E4C4C41BBAAA3100E2904C /* DonantesViewController.swift */; settings = {ASSET_TAGS = (); }; };
		F1E4C4C61BBAAA3100E2904C /* DonantesViewController.swift in Sources */ = {isa = PBXBuildFile; fileRef = F1E4C4C41BBAAA3100E2904C /* DonantesViewController.swift */; settings = {ASSET_TAGS = (); }; };
		F1E4C4C91BBAAEE200E2904C /* FXBlurView.m in Sources */ = {isa = PBXBuildFile; fileRef = F1E4C4C81BBAAEE200E2904C /* FXBlurView.m */; settings = {ASSET_TAGS = (); }; };
		F1E4C4CA1BBAAEE200E2904C /* FXBlurView.m in Sources */ = {isa = PBXBuildFile; fileRef = F1E4C4C81BBAAEE200E2904C /* FXBlurView.m */; settings = {ASSET_TAGS = (); }; };
		F1E4C4CE1BBAD43300E2904C /* MRActivityIndicatorView.m in Sources */ = {isa = PBXBuildFile; fileRef = F1E4C4CC1BBAD43300E2904C /* MRActivityIndicatorView.m */; settings = {ASSET_TAGS = (); }; };
		F1E4C4CF1BBAD43300E2904C /* MRActivityIndicatorView.m in Sources */ = {isa = PBXBuildFile; fileRef = F1E4C4CC1BBAD43300E2904C /* MRActivityIndicatorView.m */; settings = {ASSET_TAGS = (); }; };
		F1E4C4D21BBAD48900E2904C /* MRStopButton.m in Sources */ = {isa = PBXBuildFile; fileRef = F1E4C4D11BBAD48900E2904C /* MRStopButton.m */; settings = {ASSET_TAGS = (); }; };
		F1E4C4D31BBAD48900E2904C /* MRStopButton.m in Sources */ = {isa = PBXBuildFile; fileRef = F1E4C4D11BBAD48900E2904C /* MRStopButton.m */; settings = {ASSET_TAGS = (); }; };
/* End PBXBuildFile section */

/* Begin PBXContainerItemProxy section */
		38EFDDC41BA6FCFC0021B367 /* PBXContainerItemProxy */ = {
			isa = PBXContainerItemProxy;
			containerPortal = 38EFDDA61BA6FCFC0021B367 /* Project object */;
			proxyType = 1;
			remoteGlobalIDString = 38EFDDAD1BA6FCFC0021B367;
			remoteInfo = donantes;
		};
/* End PBXContainerItemProxy section */

/* Begin PBXFileReference section */
		38EFDDAE1BA6FCFC0021B367 /* donantes.app */ = {isa = PBXFileReference; explicitFileType = wrapper.application; includeInIndex = 0; path = donantes.app; sourceTree = BUILT_PRODUCTS_DIR; };
		38EFDDB21BA6FCFC0021B367 /* Info.plist */ = {isa = PBXFileReference; lastKnownFileType = text.plist.xml; path = Info.plist; sourceTree = "<group>"; };
		38EFDDB31BA6FCFC0021B367 /* AppDelegate.swift */ = {isa = PBXFileReference; lastKnownFileType = sourcecode.swift; path = AppDelegate.swift; sourceTree = "<group>"; };
		38EFDDB81BA6FCFC0021B367 /* Base */ = {isa = PBXFileReference; lastKnownFileType = file.storyboard; name = Base; path = Base.lproj/Main.storyboard; sourceTree = "<group>"; };
		38EFDDBA1BA6FCFC0021B367 /* Images.xcassets */ = {isa = PBXFileReference; lastKnownFileType = folder.assetcatalog; path = Images.xcassets; sourceTree = "<group>"; };
		38EFDDBD1BA6FCFC0021B367 /* Base */ = {isa = PBXFileReference; lastKnownFileType = file.xib; name = Base; path = Base.lproj/LaunchScreen.xib; sourceTree = "<group>"; };
		38EFDDC31BA6FCFC0021B367 /* donantesTests.xctest */ = {isa = PBXFileReference; explicitFileType = wrapper.cfbundle; includeInIndex = 0; path = donantesTests.xctest; sourceTree = BUILT_PRODUCTS_DIR; };
		38EFDDC81BA6FCFC0021B367 /* Info.plist */ = {isa = PBXFileReference; lastKnownFileType = text.plist.xml; path = Info.plist; sourceTree = "<group>"; };
		38EFDDC91BA6FCFC0021B367 /* donantesTests.swift */ = {isa = PBXFileReference; lastKnownFileType = sourcecode.swift; path = donantesTests.swift; sourceTree = "<group>"; };
		F1026F261BB3D8E9003C69B5 /* APIParseCommunicator.swift */ = {isa = PBXFileReference; fileEncoding = 4; lastKnownFileType = sourcecode.swift; path = APIParseCommunicator.swift; sourceTree = "<group>"; };
		F1026F291BB3EEE3003C69B5 /* PuntoDeDonacion.swift */ = {isa = PBXFileReference; fileEncoding = 4; lastKnownFileType = sourcecode.swift; path = PuntoDeDonacion.swift; sourceTree = "<group>"; };
		F1026F2C1BB3F3AE003C69B5 /* HorarioDeDonacion.swift */ = {isa = PBXFileReference; fileEncoding = 4; lastKnownFileType = sourcecode.swift; path = HorarioDeDonacion.swift; sourceTree = "<group>"; };
		F1026F2F1BB40C3E003C69B5 /* AppInfo.swift */ = {isa = PBXFileReference; fileEncoding = 4; lastKnownFileType = sourcecode.swift; path = AppInfo.swift; sourceTree = "<group>"; };
		F12311501BAB056200680048 /* CentroRegional.swift */ = {isa = PBXFileReference; fileEncoding = 4; lastKnownFileType = sourcecode.swift; path = CentroRegional.swift; sourceTree = "<group>"; };
		F123115B1BAB05E200680048 /* CentroDeDonacionTableViewCell.swift */ = {isa = PBXFileReference; fileEncoding = 4; lastKnownFileType = sourcecode.swift; path = CentroDeDonacionTableViewCell.swift; sourceTree = "<group>"; };
		F123115E1BAB063900680048 /* ConfiguracionInicialIdentificadorDeDonanteViewController.swift */ = {isa = PBXFileReference; fileEncoding = 4; lastKnownFileType = sourcecode.swift; path = ConfiguracionInicialIdentificadorDeDonanteViewController.swift; sourceTree = "<group>"; };
		F12311611BAB064B00680048 /* ConfiguracionInicialGrupoSanguineoViewController.swift */ = {isa = PBXFileReference; fileEncoding = 4; lastKnownFileType = sourcecode.swift; path = ConfiguracionInicialGrupoSanguineoViewController.swift; sourceTree = "<group>"; };
		F133DD391BB2CA8000C84D16 /* Bolts.framework */ = {isa = PBXFileReference; lastKnownFileType = wrapper.framework; path = Bolts.framework; sourceTree = "<group>"; };
		F133DD3A1BB2CA8000C84D16 /* Parse.framework */ = {isa = PBXFileReference; lastKnownFileType = wrapper.framework; path = Parse.framework; sourceTree = "<group>"; };
		F16F314B1BB2ED2300BE1E68 /* SystemConfiguration.framework */ = {isa = PBXFileReference; lastKnownFileType = wrapper.framework; name = SystemConfiguration.framework; path = System/Library/Frameworks/SystemConfiguration.framework; sourceTree = SDKROOT; };
		F16F314D1BB2ED2C00BE1E68 /* AudioToolbox.framework */ = {isa = PBXFileReference; lastKnownFileType = wrapper.framework; name = AudioToolbox.framework; path = System/Library/Frameworks/AudioToolbox.framework; sourceTree = SDKROOT; };
		F16F314F1BB2ED7E00BE1E68 /* libstdc++.6.tbd */ = {isa = PBXFileReference; lastKnownFileType = "sourcecode.text-based-dylib-definition"; name = "libstdc++.6.tbd"; path = "usr/lib/libstdc++.6.tbd"; sourceTree = SDKROOT; };
		F16F31511BB2ED8A00BE1E68 /* libsqlite3.tbd */ = {isa = PBXFileReference; lastKnownFileType = "sourcecode.text-based-dylib-definition"; name = libsqlite3.tbd; path = usr/lib/libsqlite3.tbd; sourceTree = SDKROOT; };
		F1E37BAF1BA9963F00B78605 /* MainViewController.swift */ = {isa = PBXFileReference; fileEncoding = 4; lastKnownFileType = sourcecode.swift; path = MainViewController.swift; sourceTree = "<group>"; };
		F1E37BB21BA9997B00B78605 /* MainOptionsTableViewCell.swift */ = {isa = PBXFileReference; fileEncoding = 4; lastKnownFileType = sourcecode.swift; path = MainOptionsTableViewCell.swift; sourceTree = "<group>"; };
		F1E37BB51BA99A1600B78605 /* ModuloOpcion.swift */ = {isa = PBXFileReference; fileEncoding = 4; lastKnownFileType = sourcecode.swift; path = ModuloOpcion.swift; sourceTree = "<group>"; };
		F1E37BB81BA9B5AA00B78605 /* DondeDonar.storyboard */ = {isa = PBXFileReference; fileEncoding = 4; lastKnownFileType = file.storyboard; path = DondeDonar.storyboard; sourceTree = "<group>"; };
		F1E37BBB1BA9B5B200B78605 /* AgendaDonaciones.storyboard */ = {isa = PBXFileReference; fileEncoding = 4; lastKnownFileType = file.storyboard; path = AgendaDonaciones.storyboard; sourceTree = "<group>"; };
		F1E37BBE1BA9B5BF00B78605 /* InformacionAlDonante.storyboard */ = {isa = PBXFileReference; fileEncoding = 4; lastKnownFileType = file.storyboard; path = InformacionAlDonante.storyboard; sourceTree = "<group>"; };
		F1E37BC11BA9B5C900B78605 /* Mensajes.storyboard */ = {isa = PBXFileReference; fileEncoding = 4; lastKnownFileType = file.storyboard; path = Mensajes.storyboard; sourceTree = "<group>"; };
		F1E37BC41BA9B5D300B78605 /* Configuracion.storyboard */ = {isa = PBXFileReference; fileEncoding = 4; lastKnownFileType = file.storyboard; path = Configuracion.storyboard; sourceTree = "<group>"; };
		F1E37BCB1BA9C08300B78605 /* ConfiguracionInicialSeleccionarCentroDonacionViewController.swift */ = {isa = PBXFileReference; fileEncoding = 4; lastKnownFileType = sourcecode.swift; name = ConfiguracionInicialSeleccionarCentroDonacionViewController.swift; path = ../ConfiguracionInicialSeleccionarCentroDonacionViewController.swift; sourceTree = "<group>"; };
		F1E37BD61BAAD74800B78605 /* donantes-Bridging-Header.h */ = {isa = PBXFileReference; lastKnownFileType = sourcecode.c.h; path = "donantes-Bridging-Header.h"; sourceTree = "<group>"; };
		F1E37BD71BAAD74800B78605 /* donantesTests-Bridging-Header.h */ = {isa = PBXFileReference; lastKnownFileType = sourcecode.c.h; path = "donantesTests-Bridging-Header.h"; sourceTree = "<group>"; };
		F1E37BD81BAAD74900B78605 /* UIView+InnerShadow.h */ = {isa = PBXFileReference; fileEncoding = 4; lastKnownFileType = sourcecode.c.h; path = "UIView+InnerShadow.h"; sourceTree = "<group>"; };
		F1E37BD91BAAD74900B78605 /* UIView+InnerShadow.m */ = {isa = PBXFileReference; fileEncoding = 4; lastKnownFileType = sourcecode.c.objc; path = "UIView+InnerShadow.m"; sourceTree = "<group>"; };
		F1E4C4BB1BB93E9800E2904C /* ListadoPuntosDonacionViewController.swift */ = {isa = PBXFileReference; fileEncoding = 4; lastKnownFileType = sourcecode.swift; path = ListadoPuntosDonacionViewController.swift; sourceTree = "<group>"; };
		F1E4C4BE1BB9557D00E2904C /* PuntoDeDonacionTableViewCell.swift */ = {isa = PBXFileReference; fileEncoding = 4; lastKnownFileType = sourcecode.swift; path = PuntoDeDonacionTableViewCell.swift; sourceTree = "<group>"; };
		F1E4C4C11BB9590500E2904C /* DetallePuntoDonacionViewController.swift */ = {isa = PBXFileReference; fileEncoding = 4; lastKnownFileType = sourcecode.swift; path = DetallePuntoDonacionViewController.swift; sourceTree = "<group>"; };
		F1E4C4C41BBAAA3100E2904C /* DonantesViewController.swift */ = {isa = PBXFileReference; fileEncoding = 4; lastKnownFileType = sourcecode.swift; path = DonantesViewController.swift; sourceTree = "<group>"; };
		F1E4C4C71BBAAEE200E2904C /* FXBlurView.h */ = {isa = PBXFileReference; fileEncoding = 4; lastKnownFileType = sourcecode.c.h; path = FXBlurView.h; sourceTree = "<group>"; };
		F1E4C4C81BBAAEE200E2904C /* FXBlurView.m */ = {isa = PBXFileReference; fileEncoding = 4; lastKnownFileType = sourcecode.c.objc; path = FXBlurView.m; sourceTree = "<group>"; };
		F1E4C4CB1BBAD43300E2904C /* MRActivityIndicatorView.h */ = {isa = PBXFileReference; fileEncoding = 4; lastKnownFileType = sourcecode.c.h; path = MRActivityIndicatorView.h; sourceTree = "<group>"; };
		F1E4C4CC1BBAD43300E2904C /* MRActivityIndicatorView.m */ = {isa = PBXFileReference; fileEncoding = 4; lastKnownFileType = sourcecode.c.objc; path = MRActivityIndicatorView.m; sourceTree = "<group>"; };
		F1E4C4CD1BBAD43300E2904C /* MRStopableView.h */ = {isa = PBXFileReference; fileEncoding = 4; lastKnownFileType = sourcecode.c.h; path = MRStopableView.h; sourceTree = "<group>"; };
		F1E4C4D01BBAD48900E2904C /* MRStopButton.h */ = {isa = PBXFileReference; fileEncoding = 4; lastKnownFileType = sourcecode.c.h; path = MRStopButton.h; sourceTree = "<group>"; };
		F1E4C4D11BBAD48900E2904C /* MRStopButton.m */ = {isa = PBXFileReference; fileEncoding = 4; lastKnownFileType = sourcecode.c.objc; path = MRStopButton.m; sourceTree = "<group>"; };
		F1E4C4D41BBAD4C500E2904C /* MRProgressHelper.h */ = {isa = PBXFileReference; fileEncoding = 4; lastKnownFileType = sourcecode.c.h; path = MRProgressHelper.h; sourceTree = "<group>"; };
/* End PBXFileReference section */

/* Begin PBXFrameworksBuildPhase section */
		38EFDDAB1BA6FCFC0021B367 /* Frameworks */ = {
			isa = PBXFrameworksBuildPhase;
			buildActionMask = 2147483647;
			files = (
				F16F31521BB2ED8A00BE1E68 /* libsqlite3.tbd in Frameworks */,
				F16F31501BB2ED7E00BE1E68 /* libstdc++.6.tbd in Frameworks */,
				F16F314E1BB2ED2C00BE1E68 /* AudioToolbox.framework in Frameworks */,
				F16F314C1BB2ED2300BE1E68 /* SystemConfiguration.framework in Frameworks */,
				F133DD3B1BB2CA8000C84D16 /* Bolts.framework in Frameworks */,
				F133DD3D1BB2CA8000C84D16 /* Parse.framework in Frameworks */,
			);
			runOnlyForDeploymentPostprocessing = 0;
		};
		38EFDDC01BA6FCFC0021B367 /* Frameworks */ = {
			isa = PBXFrameworksBuildPhase;
			buildActionMask = 2147483647;
			files = (
				F133DD3E1BB2CA8000C84D16 /* Parse.framework in Frameworks */,
				F133DD3C1BB2CA8000C84D16 /* Bolts.framework in Frameworks */,
			);
			runOnlyForDeploymentPostprocessing = 0;
		};
/* End PBXFrameworksBuildPhase section */

/* Begin PBXGroup section */
		38EFDDA51BA6FCFC0021B367 = {
			isa = PBXGroup;
			children = (
				38EFDDB01BA6FCFC0021B367 /* donantes */,
				38EFDDC61BA6FCFC0021B367 /* donantesTests */,
				38EFDDAF1BA6FCFC0021B367 /* Products */,
				B56AFD89753B8DCA09698A65 /* Frameworks */,
			);
			sourceTree = "<group>";
		};
		38EFDDAF1BA6FCFC0021B367 /* Products */ = {
			isa = PBXGroup;
			children = (
				38EFDDAE1BA6FCFC0021B367 /* donantes.app */,
				38EFDDC31BA6FCFC0021B367 /* donantesTests.xctest */,
			);
			name = Products;
			sourceTree = "<group>";
		};
		38EFDDB01BA6FCFC0021B367 /* donantes */ = {
			isa = PBXGroup;
			children = (
				F12311591BAB05B900680048 /* Home */,
				F12311531BAB056D00680048 /* Donde Donar */,
				F12311541BAB057500680048 /* Agenda de donantes */,
				F12311551BAB057E00680048 /* Información al donante */,
				F12311561BAB058C00680048 /* Mensajes */,
				F12311571BAB059200680048 /* Configuracion */,
				F12311581BAB05A900680048 /* Modelo de datos */,
				38EFDDBA1BA6FCFC0021B367 /* Images.xcassets */,
				38EFDDBC1BA6FCFC0021B367 /* LaunchScreen.xib */,
				38EFDDB11BA6FCFC0021B367 /* Supporting Files */,
			);
			path = donantes;
			sourceTree = "<group>";
		};
		38EFDDB11BA6FCFC0021B367 /* Supporting Files */ = {
			isa = PBXGroup;
			children = (
				F1E4C4D41BBAD4C500E2904C /* MRProgressHelper.h */,
				F1E4C4CB1BBAD43300E2904C /* MRActivityIndicatorView.h */,
				F1E4C4CC1BBAD43300E2904C /* MRActivityIndicatorView.m */,
				F1E4C4D01BBAD48900E2904C /* MRStopButton.h */,
				F1E4C4D11BBAD48900E2904C /* MRStopButton.m */,
				F1E4C4CD1BBAD43300E2904C /* MRStopableView.h */,
				F1E4C4C71BBAAEE200E2904C /* FXBlurView.h */,
				F1E4C4C81BBAAEE200E2904C /* FXBlurView.m */,
				F1E37BD81BAAD74900B78605 /* UIView+InnerShadow.h */,
				F1E37BD91BAAD74900B78605 /* UIView+InnerShadow.m */,
				38EFDDB21BA6FCFC0021B367 /* Info.plist */,
				F1E37BD61BAAD74800B78605 /* donantes-Bridging-Header.h */,
				F1E37BD71BAAD74800B78605 /* donantesTests-Bridging-Header.h */,
			);
			name = "Supporting Files";
			sourceTree = "<group>";
		};
		38EFDDC61BA6FCFC0021B367 /* donantesTests */ = {
			isa = PBXGroup;
			children = (
				38EFDDC91BA6FCFC0021B367 /* donantesTests.swift */,
				38EFDDC71BA6FCFC0021B367 /* Supporting Files */,
			);
			path = donantesTests;
			sourceTree = "<group>";
		};
		38EFDDC71BA6FCFC0021B367 /* Supporting Files */ = {
			isa = PBXGroup;
			children = (
				38EFDDC81BA6FCFC0021B367 /* Info.plist */,
			);
			name = "Supporting Files";
			sourceTree = "<group>";
		};
		B56AFD89753B8DCA09698A65 /* Frameworks */ = {
			isa = PBXGroup;
			children = (
				F16F31511BB2ED8A00BE1E68 /* libsqlite3.tbd */,
				F16F314F1BB2ED7E00BE1E68 /* libstdc++.6.tbd */,
				F16F314D1BB2ED2C00BE1E68 /* AudioToolbox.framework */,
				F16F314B1BB2ED2300BE1E68 /* SystemConfiguration.framework */,
				F133DD391BB2CA8000C84D16 /* Bolts.framework */,
				F133DD3A1BB2CA8000C84D16 /* Parse.framework */,
			);
			name = Frameworks;
			sourceTree = "<group>";
		};
		F12311531BAB056D00680048 /* Donde Donar */ = {
			isa = PBXGroup;
			children = (
				F1E4C4BB1BB93E9800E2904C /* ListadoPuntosDonacionViewController.swift */,
				F1E4C4BE1BB9557D00E2904C /* PuntoDeDonacionTableViewCell.swift */,
				F1E4C4C11BB9590500E2904C /* DetallePuntoDonacionViewController.swift */,
				F1E37BB81BA9B5AA00B78605 /* DondeDonar.storyboard */,
			);
			name = "Donde Donar";
			sourceTree = "<group>";
		};
		F12311541BAB057500680048 /* Agenda de donantes */ = {
			isa = PBXGroup;
			children = (
				F1E37BBB1BA9B5B200B78605 /* AgendaDonaciones.storyboard */,
			);
			name = "Agenda de donantes";
			sourceTree = "<group>";
		};
		F12311551BAB057E00680048 /* Información al donante */ = {
			isa = PBXGroup;
			children = (
				F1E37BBE1BA9B5BF00B78605 /* InformacionAlDonante.storyboard */,
			);
			name = "Información al donante";
			sourceTree = "<group>";
		};
		F12311561BAB058C00680048 /* Mensajes */ = {
			isa = PBXGroup;
			children = (
				F1E37BC11BA9B5C900B78605 /* Mensajes.storyboard */,
			);
			name = Mensajes;
			sourceTree = "<group>";
		};
		F12311571BAB059200680048 /* Configuracion */ = {
			isa = PBXGroup;
			children = (
				F1E37BC41BA9B5D300B78605 /* Configuracion.storyboard */,
			);
			name = Configuracion;
			sourceTree = "<group>";
		};
		F12311581BAB05A900680048 /* Modelo de datos */ = {
			isa = PBXGroup;
			children = (
				F1E37BB51BA99A1600B78605 /* ModuloOpcion.swift */,
				F1026F2F1BB40C3E003C69B5 /* AppInfo.swift */,
				F12311501BAB056200680048 /* CentroRegional.swift */,
				F1026F291BB3EEE3003C69B5 /* PuntoDeDonacion.swift */,
				F1026F2C1BB3F3AE003C69B5 /* HorarioDeDonacion.swift */,
				F1026F261BB3D8E9003C69B5 /* APIParseCommunicator.swift */,
			);
			name = "Modelo de datos";
			sourceTree = "<group>";
		};
		F12311591BAB05B900680048 /* Home */ = {
			isa = PBXGroup;
			children = (
				38EFDDB31BA6FCFC0021B367 /* AppDelegate.swift */,
				F1E37BAF1BA9963F00B78605 /* MainViewController.swift */,
				F1E4C4C41BBAAA3100E2904C /* DonantesViewController.swift */,
				F1E37BB21BA9997B00B78605 /* MainOptionsTableViewCell.swift */,
				F123115A1BAB05C800680048 /* Configuracion inicial */,
				38EFDDB71BA6FCFC0021B367 /* Main.storyboard */,
			);
			name = Home;
			sourceTree = "<group>";
		};
		F123115A1BAB05C800680048 /* Configuracion inicial */ = {
			isa = PBXGroup;
			children = (
				F1E37BCB1BA9C08300B78605 /* ConfiguracionInicialSeleccionarCentroDonacionViewController.swift */,
				F123115B1BAB05E200680048 /* CentroDeDonacionTableViewCell.swift */,
				F123115E1BAB063900680048 /* ConfiguracionInicialIdentificadorDeDonanteViewController.swift */,
				F12311611BAB064B00680048 /* ConfiguracionInicialGrupoSanguineoViewController.swift */,
			);
			name = "Configuracion inicial";
			sourceTree = "<group>";
		};
/* End PBXGroup section */

/* Begin PBXNativeTarget section */
		38EFDDAD1BA6FCFC0021B367 /* donantes */ = {
			isa = PBXNativeTarget;
			buildConfigurationList = 38EFDDCD1BA6FCFC0021B367 /* Build configuration list for PBXNativeTarget "donantes" */;
			buildPhases = (
				38EFDDAA1BA6FCFC0021B367 /* Sources */,
				38EFDDAB1BA6FCFC0021B367 /* Frameworks */,
				38EFDDAC1BA6FCFC0021B367 /* Resources */,
			);
			buildRules = (
			);
			dependencies = (
			);
			name = donantes;
			productName = donantes;
			productReference = 38EFDDAE1BA6FCFC0021B367 /* donantes.app */;
			productType = "com.apple.product-type.application";
		};
		38EFDDC21BA6FCFC0021B367 /* donantesTests */ = {
			isa = PBXNativeTarget;
			buildConfigurationList = 38EFDDD01BA6FCFC0021B367 /* Build configuration list for PBXNativeTarget "donantesTests" */;
			buildPhases = (
				38EFDDBF1BA6FCFC0021B367 /* Sources */,
				38EFDDC01BA6FCFC0021B367 /* Frameworks */,
				38EFDDC11BA6FCFC0021B367 /* Resources */,
			);
			buildRules = (
			);
			dependencies = (
				38EFDDC51BA6FCFC0021B367 /* PBXTargetDependency */,
			);
			name = donantesTests;
			productName = donantesTests;
			productReference = 38EFDDC31BA6FCFC0021B367 /* donantesTests.xctest */;
			productType = "com.apple.product-type.bundle.unit-test";
		};
/* End PBXNativeTarget section */

/* Begin PBXProject section */
		38EFDDA61BA6FCFC0021B367 /* Project object */ = {
			isa = PBXProject;
			attributes = {
				LastSwiftMigration = 0700;
				LastSwiftUpdateCheck = 0700;
				LastUpgradeCheck = 0700;
				ORGANIZATIONNAME = Alvaro;
				TargetAttributes = {
					38EFDDAD1BA6FCFC0021B367 = {
						CreatedOnToolsVersion = 6.4;
					};
					38EFDDC21BA6FCFC0021B367 = {
						CreatedOnToolsVersion = 6.4;
						TestTargetID = 38EFDDAD1BA6FCFC0021B367;
					};
				};
			};
			buildConfigurationList = 38EFDDA91BA6FCFC0021B367 /* Build configuration list for PBXProject "donantes" */;
			compatibilityVersion = "Xcode 3.2";
			developmentRegion = English;
			hasScannedForEncodings = 0;
			knownRegions = (
				en,
				Base,
			);
			mainGroup = 38EFDDA51BA6FCFC0021B367;
			productRefGroup = 38EFDDAF1BA6FCFC0021B367 /* Products */;
			projectDirPath = "";
			projectRoot = "";
			targets = (
				38EFDDAD1BA6FCFC0021B367 /* donantes */,
				38EFDDC21BA6FCFC0021B367 /* donantesTests */,
			);
		};
/* End PBXProject section */

/* Begin PBXResourcesBuildPhase section */
		38EFDDAC1BA6FCFC0021B367 /* Resources */ = {
			isa = PBXResourcesBuildPhase;
			buildActionMask = 2147483647;
			files = (
				38EFDDB91BA6FCFC0021B367 /* Main.storyboard in Resources */,
				38EFDDBE1BA6FCFC0021B367 /* LaunchScreen.xib in Resources */,
				F1E37BB91BA9B5AA00B78605 /* DondeDonar.storyboard in Resources */,
				F1E37BBC1BA9B5B200B78605 /* AgendaDonaciones.storyboard in Resources */,
				38EFDDBB1BA6FCFC0021B367 /* Images.xcassets in Resources */,
				F1E37BC21BA9B5C900B78605 /* Mensajes.storyboard in Resources */,
				F1E37BC51BA9B5D300B78605 /* Configuracion.storyboard in Resources */,
				F1E37BBF1BA9B5BF00B78605 /* InformacionAlDonante.storyboard in Resources */,
			);
			runOnlyForDeploymentPostprocessing = 0;
		};
		38EFDDC11BA6FCFC0021B367 /* Resources */ = {
			isa = PBXResourcesBuildPhase;
			buildActionMask = 2147483647;
			files = (
				F1E37BC31BA9B5C900B78605 /* Mensajes.storyboard in Resources */,
				F1E37BBA1BA9B5AA00B78605 /* DondeDonar.storyboard in Resources */,
				F1E37BBD1BA9B5B200B78605 /* AgendaDonaciones.storyboard in Resources */,
				F1E37BC01BA9B5BF00B78605 /* InformacionAlDonante.storyboard in Resources */,
				F1E37BC61BA9B5D300B78605 /* Configuracion.storyboard in Resources */,
			);
			runOnlyForDeploymentPostprocessing = 0;
		};
/* End PBXResourcesBuildPhase section */

/* Begin PBXSourcesBuildPhase section */
		38EFDDAA1BA6FCFC0021B367 /* Sources */ = {
			isa = PBXSourcesBuildPhase;
			buildActionMask = 2147483647;
			files = (
				F1E4C4CE1BBAD43300E2904C /* MRActivityIndicatorView.m in Sources */,
				F123115C1BAB05E200680048 /* CentroDeDonacionTableViewCell.swift in Sources */,
				F1E37BCC1BA9C08300B78605 /* ConfiguracionInicialSeleccionarCentroDonacionViewController.swift in Sources */,
				F1E4C4C91BBAAEE200E2904C /* FXBlurView.m in Sources */,
				F1E4C4BF1BB9557D00E2904C /* PuntoDeDonacionTableViewCell.swift in Sources */,
				F1E37BB01BA9963F00B78605 /* MainViewController.swift in Sources */,
				F123115F1BAB063900680048 /* ConfiguracionInicialIdentificadorDeDonanteViewController.swift in Sources */,
				F1E4C4BC1BB93E9800E2904C /* ListadoPuntosDonacionViewController.swift in Sources */,
				F1E4C4C51BBAAA3100E2904C /* DonantesViewController.swift in Sources */,
				F1E4C4D21BBAD48900E2904C /* MRStopButton.m in Sources */,
				F1E37BB31BA9997B00B78605 /* MainOptionsTableViewCell.swift in Sources */,
				38EFDDB41BA6FCFC0021B367 /* AppDelegate.swift in Sources */,
				F12311621BAB064B00680048 /* ConfiguracionInicialGrupoSanguineoViewController.swift in Sources */,
				F1026F271BB3D8E9003C69B5 /* APIParseCommunicator.swift in Sources */,
				F12311511BAB056200680048 /* CentroRegional.swift in Sources */,
				F1E37BB61BA99A1600B78605 /* ModuloOpcion.swift in Sources */,
				F1026F2A1BB3EEE3003C69B5 /* PuntoDeDonacion.swift in Sources */,
				F1E37BDA1BAAD74900B78605 /* UIView+InnerShadow.m in Sources */,
				F1026F2D1BB3F3AE003C69B5 /* HorarioDeDonacion.swift in Sources */,
				F1026F301BB40C3E003C69B5 /* AppInfo.swift in Sources */,
				F1E4C4C21BB9590500E2904C /* DetallePuntoDonacionViewController.swift in Sources */,
			);
			runOnlyForDeploymentPostprocessing = 0;
		};
		38EFDDBF1BA6FCFC0021B367 /* Sources */ = {
			isa = PBXSourcesBuildPhase;
			buildActionMask = 2147483647;
			files = (
				F12311521BAB056200680048 /* CentroRegional.swift in Sources */,
				F1E37BB41BA9997B00B78605 /* MainOptionsTableViewCell.swift in Sources */,
				F1026F2E1BB3F3AE003C69B5 /* HorarioDeDonacion.swift in Sources */,
				F123115D1BAB05E200680048 /* CentroDeDonacionTableViewCell.swift in Sources */,
				F1E4C4D31BBAD48900E2904C /* MRStopButton.m in Sources */,
				F1026F281BB3D8EA003C69B5 /* APIParseCommunicator.swift in Sources */,
				F1E4C4C01BB9557D00E2904C /* PuntoDeDonacionTableViewCell.swift in Sources */,
				F12311601BAB063900680048 /* ConfiguracionInicialIdentificadorDeDonanteViewController.swift in Sources */,
				F1E4C4C61BBAAA3100E2904C /* DonantesViewController.swift in Sources */,
				F1E37BB71BA99A1600B78605 /* ModuloOpcion.swift in Sources */,
				F1E4C4BD1BB93E9800E2904C /* ListadoPuntosDonacionViewController.swift in Sources */,
				F1E37BCD1BA9C08300B78605 /* ConfiguracionInicialSeleccionarCentroDonacionViewController.swift in Sources */,
				F12311631BAB064B00680048 /* ConfiguracionInicialGrupoSanguineoViewController.swift in Sources */,
				F1026F2B1BB3EEE3003C69B5 /* PuntoDeDonacion.swift in Sources */,
				38EFDDCA1BA6FCFC0021B367 /* donantesTests.swift in Sources */,
				F1026F311BB40C3E003C69B5 /* AppInfo.swift in Sources */,
				F1E4C4CF1BBAD43300E2904C /* MRActivityIndicatorView.m in Sources */,
				F1E4C4C31BB9590500E2904C /* DetallePuntoDonacionViewController.swift in Sources */,
				F1E37BC71BA9B80600B78605 /* AppDelegate.swift in Sources */,
				F1E4C4CA1BBAAEE200E2904C /* FXBlurView.m in Sources */,
				F1E37BDB1BAAD74900B78605 /* UIView+InnerShadow.m in Sources */,
				F1E37BB11BA9963F00B78605 /* MainViewController.swift in Sources */,
			);
			runOnlyForDeploymentPostprocessing = 0;
		};
/* End PBXSourcesBuildPhase section */

/* Begin PBXTargetDependency section */
		38EFDDC51BA6FCFC0021B367 /* PBXTargetDependency */ = {
			isa = PBXTargetDependency;
			target = 38EFDDAD1BA6FCFC0021B367 /* donantes */;
			targetProxy = 38EFDDC41BA6FCFC0021B367 /* PBXContainerItemProxy */;
		};
/* End PBXTargetDependency section */

/* Begin PBXVariantGroup section */
		38EFDDB71BA6FCFC0021B367 /* Main.storyboard */ = {
			isa = PBXVariantGroup;
			children = (
				38EFDDB81BA6FCFC0021B367 /* Base */,
			);
			name = Main.storyboard;
			sourceTree = "<group>";
		};
		38EFDDBC1BA6FCFC0021B367 /* LaunchScreen.xib */ = {
			isa = PBXVariantGroup;
			children = (
				38EFDDBD1BA6FCFC0021B367 /* Base */,
			);
			name = LaunchScreen.xib;
			sourceTree = "<group>";
		};
/* End PBXVariantGroup section */

/* Begin XCBuildConfiguration section */
		38EFDDCB1BA6FCFC0021B367 /* Debug */ = {
			isa = XCBuildConfiguration;
			buildSettings = {
				ALWAYS_SEARCH_USER_PATHS = NO;
				CLANG_CXX_LANGUAGE_STANDARD = "gnu++0x";
				CLANG_CXX_LIBRARY = "libc++";
				CLANG_ENABLE_MODULES = YES;
				CLANG_ENABLE_OBJC_ARC = YES;
				CLANG_WARN_BOOL_CONVERSION = YES;
				CLANG_WARN_CONSTANT_CONVERSION = YES;
				CLANG_WARN_DIRECT_OBJC_ISA_USAGE = YES_ERROR;
				CLANG_WARN_EMPTY_BODY = YES;
				CLANG_WARN_ENUM_CONVERSION = YES;
				CLANG_WARN_INT_CONVERSION = YES;
				CLANG_WARN_OBJC_ROOT_CLASS = YES_ERROR;
				CLANG_WARN_UNREACHABLE_CODE = YES;
				CLANG_WARN__DUPLICATE_METHOD_MATCH = YES;
				"CODE_SIGN_IDENTITY[sdk=iphoneos*]" = "iPhone Developer";
				COPY_PHASE_STRIP = NO;
				DEBUG_INFORMATION_FORMAT = "dwarf-with-dsym";
				ENABLE_STRICT_OBJC_MSGSEND = YES;
				ENABLE_TESTABILITY = YES;
				GCC_C_LANGUAGE_STANDARD = gnu99;
				GCC_DYNAMIC_NO_PIC = NO;
				GCC_NO_COMMON_BLOCKS = YES;
				GCC_OPTIMIZATION_LEVEL = 0;
				GCC_PREPROCESSOR_DEFINITIONS = (
					"DEBUG=1",
					"$(inherited)",
				);
				GCC_SYMBOLS_PRIVATE_EXTERN = NO;
				GCC_WARN_64_TO_32_BIT_CONVERSION = YES;
				GCC_WARN_ABOUT_RETURN_TYPE = YES_ERROR;
				GCC_WARN_UNDECLARED_SELECTOR = YES;
				GCC_WARN_UNINITIALIZED_AUTOS = YES_AGGRESSIVE;
				GCC_WARN_UNUSED_FUNCTION = YES;
				GCC_WARN_UNUSED_VARIABLE = YES;
				IPHONEOS_DEPLOYMENT_TARGET = 9.0;
				MTL_ENABLE_DEBUG_INFO = YES;
				ONLY_ACTIVE_ARCH = YES;
				SDKROOT = iphoneos;
				SWIFT_OPTIMIZATION_LEVEL = "-Onone";
				TARGETED_DEVICE_FAMILY = "1,2";
			};
			name = Debug;
		};
		38EFDDCC1BA6FCFC0021B367 /* Release */ = {
			isa = XCBuildConfiguration;
			buildSettings = {
				ALWAYS_SEARCH_USER_PATHS = NO;
				CLANG_CXX_LANGUAGE_STANDARD = "gnu++0x";
				CLANG_CXX_LIBRARY = "libc++";
				CLANG_ENABLE_MODULES = YES;
				CLANG_ENABLE_OBJC_ARC = YES;
				CLANG_WARN_BOOL_CONVERSION = YES;
				CLANG_WARN_CONSTANT_CONVERSION = YES;
				CLANG_WARN_DIRECT_OBJC_ISA_USAGE = YES_ERROR;
				CLANG_WARN_EMPTY_BODY = YES;
				CLANG_WARN_ENUM_CONVERSION = YES;
				CLANG_WARN_INT_CONVERSION = YES;
				CLANG_WARN_OBJC_ROOT_CLASS = YES_ERROR;
				CLANG_WARN_UNREACHABLE_CODE = YES;
				CLANG_WARN__DUPLICATE_METHOD_MATCH = YES;
				"CODE_SIGN_IDENTITY[sdk=iphoneos*]" = "iPhone Developer";
				COPY_PHASE_STRIP = NO;
				DEBUG_INFORMATION_FORMAT = "dwarf-with-dsym";
				ENABLE_NS_ASSERTIONS = NO;
				ENABLE_STRICT_OBJC_MSGSEND = YES;
				GCC_C_LANGUAGE_STANDARD = gnu99;
				GCC_NO_COMMON_BLOCKS = YES;
				GCC_WARN_64_TO_32_BIT_CONVERSION = YES;
				GCC_WARN_ABOUT_RETURN_TYPE = YES_ERROR;
				GCC_WARN_UNDECLARED_SELECTOR = YES;
				GCC_WARN_UNINITIALIZED_AUTOS = YES_AGGRESSIVE;
				GCC_WARN_UNUSED_FUNCTION = YES;
				GCC_WARN_UNUSED_VARIABLE = YES;
				IPHONEOS_DEPLOYMENT_TARGET = 9.0;
				MTL_ENABLE_DEBUG_INFO = NO;
				SDKROOT = iphoneos;
				TARGETED_DEVICE_FAMILY = "1,2";
				VALIDATE_PRODUCT = YES;
			};
			name = Release;
		};
		38EFDDCE1BA6FCFC0021B367 /* Debug */ = {
			isa = XCBuildConfiguration;
			buildSettings = {
				ASSETCATALOG_COMPILER_APPICON_NAME = AppIcon;
				CLANG_ENABLE_MODULES = YES;
				FRAMEWORK_SEARCH_PATHS = (
					"$(inherited)",
					"$(PROJECT_DIR)",
				);
				HEADER_SEARCH_PATHS = "$(inherited)";
				INFOPLIST_FILE = donantes/Info.plist;
				LD_RUNPATH_SEARCH_PATHS = "$(inherited) @executable_path/Frameworks";
				LIBRARY_SEARCH_PATHS = (
					"$(inherited)",
					"$(PROJECT_DIR)/build/Debug-iphoneos",
				);
				OTHER_LDFLAGS = (
					"$(inherited)",
					"-ObjC",
					"-framework",
					"\"CoreGraphics\"",
					"-framework",
					"\"MobileCoreServices\"",
					"-framework",
					"\"Security\"",
					"-framework",
					"\"SystemConfiguration\"",
				);
				PRODUCT_BUNDLE_IDENTIFIER = "com.nTilde.$(PRODUCT_NAME:rfc1034identifier)";
				PRODUCT_NAME = "$(TARGET_NAME)";
				SWIFT_OBJC_BRIDGING_HEADER = "donantes/donantes-Bridging-Header.h";
				SWIFT_OPTIMIZATION_LEVEL = "-Onone";
			};
			name = Debug;
		};
		38EFDDCF1BA6FCFC0021B367 /* Release */ = {
			isa = XCBuildConfiguration;
			buildSettings = {
				ASSETCATALOG_COMPILER_APPICON_NAME = AppIcon;
				CLANG_ENABLE_MODULES = YES;
				FRAMEWORK_SEARCH_PATHS = (
					"$(inherited)",
					"$(PROJECT_DIR)",
				);
				HEADER_SEARCH_PATHS = "$(inherited)";
				INFOPLIST_FILE = donantes/Info.plist;
				LD_RUNPATH_SEARCH_PATHS = "$(inherited) @executable_path/Frameworks";
				LIBRARY_SEARCH_PATHS = (
					"$(inherited)",
					"$(PROJECT_DIR)/build/Debug-iphoneos",
				);
				OTHER_LDFLAGS = (
					"$(inherited)",
					"-ObjC",
					"-framework",
					"\"CoreGraphics\"",
					"-framework",
					"\"MobileCoreServices\"",
					"-framework",
					"\"Security\"",
					"-framework",
					"\"SystemConfiguration\"",
				);
				PRODUCT_BUNDLE_IDENTIFIER = "com.nTilde.$(PRODUCT_NAME:rfc1034identifier)";
				PRODUCT_NAME = "$(TARGET_NAME)";
				SWIFT_OBJC_BRIDGING_HEADER = "donantes/donantes-Bridging-Header.h";
			};
			name = Release;
		};
		38EFDDD11BA6FCFC0021B367 /* Debug */ = {
			isa = XCBuildConfiguration;
			buildSettings = {
				BUNDLE_LOADER = "$(TEST_HOST)";
				CLANG_ENABLE_MODULES = YES;
				FRAMEWORK_SEARCH_PATHS = (
					"$(SDKROOT)/Developer/Library/Frameworks",
					"$(inherited)",
					"$(PROJECT_DIR)",
				);
				GCC_PREPROCESSOR_DEFINITIONS = (
					"DEBUG=1",
					"$(inherited)",
				);
				INFOPLIST_FILE = donantesTests/Info.plist;
				LD_RUNPATH_SEARCH_PATHS = "$(inherited) @executable_path/Frameworks @loader_path/Frameworks";
				PRODUCT_BUNDLE_IDENTIFIER = "com.nTilde.$(PRODUCT_NAME:rfc1034identifier)";
				PRODUCT_NAME = "$(TARGET_NAME)";
				SWIFT_OBJC_BRIDGING_HEADER = "donantes/donantesTests-Bridging-Header.h";
				SWIFT_OPTIMIZATION_LEVEL = "-Onone";
				TEST_HOST = "$(BUILT_PRODUCTS_DIR)/donantes.app/donantes";
			};
			name = Debug;
		};
		38EFDDD21BA6FCFC0021B367 /* Release */ = {
			isa = XCBuildConfiguration;
			buildSettings = {
				BUNDLE_LOADER = "$(TEST_HOST)";
				CLANG_ENABLE_MODULES = YES;
				FRAMEWORK_SEARCH_PATHS = (
					"$(SDKROOT)/Developer/Library/Frameworks",
					"$(inherited)",
					"$(PROJECT_DIR)",
				);
				INFOPLIST_FILE = donantesTests/Info.plist;
				LD_RUNPATH_SEARCH_PATHS = "$(inherited) @executable_path/Frameworks @loader_path/Frameworks";
				PRODUCT_BUNDLE_IDENTIFIER = "com.nTilde.$(PRODUCT_NAME:rfc1034identifier)";
				PRODUCT_NAME = "$(TARGET_NAME)";
				SWIFT_OBJC_BRIDGING_HEADER = "donantes/donantesTests-Bridging-Header.h";
				TEST_HOST = "$(BUILT_PRODUCTS_DIR)/donantes.app/donantes";
			};
			name = Release;
		};
/* End XCBuildConfiguration section */

/* Begin XCConfigurationList section */
		38EFDDA91BA6FCFC0021B367 /* Build configuration list for PBXProject "donantes" */ = {
			isa = XCConfigurationList;
			buildConfigurations = (
				38EFDDCB1BA6FCFC0021B367 /* Debug */,
				38EFDDCC1BA6FCFC0021B367 /* Release */,
			);
			defaultConfigurationIsVisible = 0;
			defaultConfigurationName = Release;
		};
		38EFDDCD1BA6FCFC0021B367 /* Build configuration list for PBXNativeTarget "donantes" */ = {
			isa = XCConfigurationList;
			buildConfigurations = (
				38EFDDCE1BA6FCFC0021B367 /* Debug */,
				38EFDDCF1BA6FCFC0021B367 /* Release */,
			);
			defaultConfigurationIsVisible = 0;
			defaultConfigurationName = Release;
		};
		38EFDDD01BA6FCFC0021B367 /* Build configuration list for PBXNativeTarget "donantesTests" */ = {
			isa = XCConfigurationList;
			buildConfigurations = (
				38EFDDD11BA6FCFC0021B367 /* Debug */,
				38EFDDD21BA6FCFC0021B367 /* Release */,
			);
			defaultConfigurationIsVisible = 0;
			defaultConfigurationName = Release;
		};
/* End XCConfigurationList section */
	};
	rootObject = 38EFDDA61BA6FCFC0021B367 /* Project object */;
}
