// !$*UTF8*$!
{
	archiveVersion = 1;
	classes = {
	};
	objectVersion = 46;
	objects = {

/* Begin PBXBuildFile section */
		38EFDDB41BA6FCFC0021B367 /* AppDelegate.swift in Sources */ = {isa = PBXBuildFile; fileRef = 38EFDDB31BA6FCFC0021B367 /* AppDelegate.swift */; };
		38EFDDB61BA6FCFC0021B367 /* ViewController.swift in Sources */ = {isa = PBXBuildFile; fileRef = 38EFDDB51BA6FCFC0021B367 /* ViewController.swift */; };
		38EFDDB91BA6FCFC0021B367 /* Main.storyboard in Resources */ = {isa = PBXBuildFile; fileRef = 38EFDDB71BA6FCFC0021B367 /* Main.storyboard */; };
		38EFDDBB1BA6FCFC0021B367 /* Images.xcassets in Resources */ = {isa = PBXBuildFile; fileRef = 38EFDDBA1BA6FCFC0021B367 /* Images.xcassets */; };
		38EFDDBE1BA6FCFC0021B367 /* LaunchScreen.xib in Resources */ = {isa = PBXBuildFile; fileRef = 38EFDDBC1BA6FCFC0021B367 /* LaunchScreen.xib */; };
		38EFDDCA1BA6FCFC0021B367 /* donantesTests.swift in Sources */ = {isa = PBXBuildFile; fileRef = 38EFDDC91BA6FCFC0021B367 /* donantesTests.swift */; };
/* End PBXBuildFile section */

/* Begin PBXContainerItemProxy section */
		38EFDDC41BA6FCFC0021B367 /* PBXContainerItemProxy */ = {
			isa = PBXContainerItemProxy;
			containerPortal = 38EFDDA61BA6FCFC0021B367 /* Project object */;
			proxyType = 1;
			remoteGlobalIDString = 38EFDDAD1BA6FCFC0021B367;
			remoteInfo = donantes;
		};
/* End PBXContainerItemProxy section */

/* Begin PBXFileReference section */
		38EFDDAE1BA6FCFC0021B367 /* donantes.app */ = {isa = PBXFileReference; explicitFileType = wrapper.application; includeInIndex = 0; path = donantes.app; sourceTree = BUILT_PRODUCTS_DIR; };
		38EFDDB21BA6FCFC0021B367 /* Info.plist */ = {isa = PBXFileReference; lastKnownFileType = text.plist.xml; path = Info.plist; sourceTree = "<group>"; };
		38EFDDB31BA6FCFC0021B367 /* AppDelegate.swift */ = {isa = PBXFileReference; lastKnownFileType = sourcecode.swift; path = AppDelegate.swift; sourceTree = "<group>"; };
		38EFDDB51BA6FCFC0021B367 /* ViewController.swift */ = {isa = PBXFileReference; lastKnownFileType = sourcecode.swift; path = ViewController.swift; sourceTree = "<group>"; };
		38EFDDB81BA6FCFC0021B367 /* Base */ = {isa = PBXFileReference; lastKnownFileType = file.storyboard; name = Base; path = Base.lproj/Main.storyboard; sourceTree = "<group>"; };
		38EFDDBA1BA6FCFC0021B367 /* Images.xcassets */ = {isa = PBXFileReference; lastKnownFileType = folder.assetcatalog; path = Images.xcassets; sourceTree = "<group>"; };
		38EFDDBD1BA6FCFC0021B367 /* Base */ = {isa = PBXFileReference; lastKnownFileType = file.xib; name = Base; path = Base.lproj/LaunchScreen.xib; sourceTree = "<group>"; };
		38EFDDC31BA6FCFC0021B367 /* donantesTests.xctest */ = {isa = PBXFileReference; explicitFileType = wrapper.cfbundle; includeInIndex = 0; path = donantesTests.xctest; sourceTree = BUILT_PRODUCTS_DIR; };
		38EFDDC81BA6FCFC0021B367 /* Info.plist */ = {isa = PBXFileReference; lastKnownFileType = text.plist.xml; path = Info.plist; sourceTree = "<group>"; };
		38EFDDC91BA6FCFC0021B367 /* donantesTests.swift */ = {isa = PBXFileReference; lastKnownFileType = sourcecode.swift; path = donantesTests.swift; sourceTree = "<group>"; };
/* End PBXFileReference section */

/* Begin PBXFrameworksBuildPhase section */
		38EFDDAB1BA6FCFC0021B367 /* Frameworks */ = {
			isa = PBXFrameworksBuildPhase;
			buildActionMask = 2147483647;
			files = (
			);
			runOnlyForDeploymentPostprocessing = 0;
		};
		38EFDDC01BA6FCFC0021B367 /* Frameworks */ = {
			isa = PBXFrameworksBuildPhase;
			buildActionMask = 2147483647;
			files = (
			);
			runOnlyForDeploymentPostprocessing = 0;
		};
/* End PBXFrameworksBuildPhase section */

/* Begin PBXGroup section */
		38EFDDA51BA6FCFC0021B367 = {
			isa = PBXGroup;
			children = (
				38EFDDB01BA6FCFC0021B367 /* donantes */,
				38EFDDC61BA6FCFC0021B367 /* donantesTests */,
				38EFDDAF1BA6FCFC0021B367 /* Products */,
			);
			sourceTree = "<group>";
		};
		38EFDDAF1BA6FCFC0021B367 /* Products */ = {
			isa = PBXGroup;
			children = (
				38EFDDAE1BA6FCFC0021B367 /* donantes.app */,
				38EFDDC31BA6FCFC0021B367 /* donantesTests.xctest */,
			);
			name = Products;
			sourceTree = "<group>";
		};
		38EFDDB01BA6FCFC0021B367 /* donantes */ = {
			isa = PBXGroup;
			children = (
				38EFDDB31BA6FCFC0021B367 /* AppDelegate.swift */,
				38EFDDB51BA6FCFC0021B367 /* ViewController.swift */,
				38EFDDB71BA6FCFC0021B367 /* Main.storyboard */,
				38EFDDBA1BA6FCFC0021B367 /* Images.xcassets */,
				38EFDDBC1BA6FCFC0021B367 /* LaunchScreen.xib */,
				38EFDDB11BA6FCFC0021B367 /* Supporting Files */,
			);
			path = donantes;
			sourceTree = "<group>";
		};
		38EFDDB11BA6FCFC0021B367 /* Supporting Files */ = {
			isa = PBXGroup;
			children = (
				38EFDDB21BA6FCFC0021B367 /* Info.plist */,
			);
			name = "Supporting Files";
			sourceTree = "<group>";
		};
		38EFDDC61BA6FCFC0021B367 /* donantesTests */ = {
			isa = PBXGroup;
			children = (
				38EFDDC91BA6FCFC0021B367 /* donantesTests.swift */,
				38EFDDC71BA6FCFC0021B367 /* Supporting Files */,
			);
			path = donantesTests;
			sourceTree = "<group>";
		};
		38EFDDC71BA6FCFC0021B367 /* Supporting Files */ = {
			isa = PBXGroup;
			children = (
				38EFDDC81BA6FCFC0021B367 /* Info.plist */,
			);
			name = "Supporting Files";
			sourceTree = "<group>";
		};
/* End PBXGroup section */

/* Begin PBXNativeTarget section */
		38EFDDAD1BA6FCFC0021B367 /* donantes */ = {
			isa = PBXNativeTarget;
			buildConfigurationList = 38EFDDCD1BA6FCFC0021B367 /* Build configuration list for PBXNativeTarget "donantes" */;
			buildPhases = (
				38EFDDAA1BA6FCFC0021B367 /* Sources */,
				38EFDDAB1BA6FCFC0021B367 /* Frameworks */,
				38EFDDAC1BA6FCFC0021B367 /* Resources */,
			);
			buildRules = (
			);
			dependencies = (
			);
			name = donantes;
			productName = donantes;
			productReference = 38EFDDAE1BA6FCFC0021B367 /* donantes.app */;
			productType = "com.apple.product-type.application";
		};
		38EFDDC21BA6FCFC0021B367 /* donantesTests */ = {
			isa = PBXNativeTarget;
			buildConfigurationList = 38EFDDD01BA6FCFC0021B367 /* Build configuration list for PBXNativeTarget "donantesTests" */;
			buildPhases = (
				38EFDDBF1BA6FCFC0021B367 /* Sources */,
				38EFDDC01BA6FCFC0021B367 /* Frameworks */,
				38EFDDC11BA6FCFC0021B367 /* Resources */,
			);
			buildRules = (
			);
			dependencies = (
				38EFDDC51BA6FCFC0021B367 /* PBXTargetDependency */,
			);
			name = donantesTests;
			productName = donantesTests;
			productReference = 38EFDDC31BA6FCFC0021B367 /* donantesTests.xctest */;
			productType = "com.apple.product-type.bundle.unit-test";
		};
/* End PBXNativeTarget section */

/* Begin PBXProject section */
		38EFDDA61BA6FCFC0021B367 /* Project object */ = {
			isa = PBXProject;
			attributes = {
				LastUpgradeCheck = 0640;
				ORGANIZATIONNAME = Alvaro;
				TargetAttributes = {
					38EFDDAD1BA6FCFC0021B367 = {
						CreatedOnToolsVersion = 6.4;
					};
					38EFDDC21BA6FCFC0021B367 = {
						CreatedOnToolsVersion = 6.4;
						TestTargetID = 38EFDDAD1BA6FCFC0021B367;
					};
				};
			};
			buildConfigurationList = 38EFDDA91BA6FCFC0021B367 /* Build configuration list for PBXProject "donantes" */;
			compatibilityVersion = "Xcode 3.2";
			developmentRegion = English;
			hasScannedForEncodings = 0;
			knownRegions = (
				en,
				Base,
			);
			mainGroup = 38EFDDA51BA6FCFC0021B367;
			productRefGroup = 38EFDDAF1BA6FCFC0021B367 /* Products */;
			projectDirPath = "";
			projectRoot = "";
			targets = (
				38EFDDAD1BA6FCFC0021B367 /* donantes */,
				38EFDDC21BA6FCFC0021B367 /* donantesTests */,
			);
		};
/* End PBXProject section */

/* Begin PBXResourcesBuildPhase section */
		38EFDDAC1BA6FCFC0021B367 /* Resources */ = {
			isa = PBXResourcesBuildPhase;
			buildActionMask = 2147483647;
			files = (
				38EFDDB91BA6FCFC0021B367 /* Main.storyboard in Resources */,
				38EFDDBE1BA6FCFC0021B367 /* LaunchScreen.xib in Resources */,
				38EFDDBB1BA6FCFC0021B367 /* Images.xcassets in Resources */,
			);
			runOnlyForDeploymentPostprocessing = 0;
		};
		38EFDDC11BA6FCFC0021B367 /* Resources */ = {
			isa = PBXResourcesBuildPhase;
			buildActionMask = 2147483647;
			files = (
			);
			runOnlyForDeploymentPostprocessing = 0;
		};
/* End PBXResourcesBuildPhase section */

/* Begin PBXSourcesBuildPhase section */
		38EFDDAA1BA6FCFC0021B367 /* Sources */ = {
			isa = PBXSourcesBuildPhase;
			buildActionMask = 2147483647;
			files = (
				38EFDDB61BA6FCFC0021B367 /* ViewController.swift in Sources */,
				38EFDDB41BA6FCFC0021B367 /* AppDelegate.swift in Sources */,
			);
			runOnlyForDeploymentPostprocessing = 0;
		};
		38EFDDBF1BA6FCFC0021B367 /* Sources */ = {
			isa = PBXSourcesBuildPhase;
			buildActionMask = 2147483647;
			files = (
				38EFDDCA1BA6FCFC0021B367 /* donantesTests.swift in Sources */,
			);
			runOnlyForDeploymentPostprocessing = 0;
		};
/* End PBXSourcesBuildPhase section */

/* Begin PBXTargetDependency section */
		38EFDDC51BA6FCFC0021B367 /* PBXTargetDependency */ = {
			isa = PBXTargetDependency;
			target = 38EFDDAD1BA6FCFC0021B367 /* donantes */;
			targetProxy = 38EFDDC41BA6FCFC0021B367 /* PBXContainerItemProxy */;
		};
/* End PBXTargetDependency section */

/* Begin PBXVariantGroup section */
		38EFDDB71BA6FCFC0021B367 /* Main.storyboard */ = {
			isa = PBXVariantGroup;
			children = (
				38EFDDB81BA6FCFC0021B367 /* Base */,
			);
			name = Main.storyboard;
			sourceTree = "<group>";
		};
		38EFDDBC1BA6FCFC0021B367 /* LaunchScreen.xib */ = {
			isa = PBXVariantGroup;
			children = (
				38EFDDBD1BA6FCFC0021B367 /* Base */,
			);
			name = LaunchScreen.xib;
			sourceTree = "<group>";
		};
/* End PBXVariantGroup section */

/* Begin XCBuildConfiguration section */
		38EFDDCB1BA6FCFC0021B367 /* Debug */ = {
			isa = XCBuildConfiguration;
			buildSettings = {
				ALWAYS_SEARCH_USER_PATHS = NO;
				CLANG_CXX_LANGUAGE_STANDARD = "gnu++0x";
				CLANG_CXX_LIBRARY = "libc++";
				CLANG_ENABLE_MODULES = YES;
				CLANG_ENABLE_OBJC_ARC = YES;
				CLANG_WARN_BOOL_CONVERSION = YES;
				CLANG_WARN_CONSTANT_CONVERSION = YES;
				CLANG_WARN_DIRECT_OBJC_ISA_USAGE = YES_ERROR;
				CLANG_WARN_EMPTY_BODY = YES;
				CLANG_WARN_ENUM_CONVERSION = YES;
				CLANG_WARN_INT_CONVERSION = YES;
				CLANG_WARN_OBJC_ROOT_CLASS = YES_ERROR;
				CLANG_WARN_UNREACHABLE_CODE = YES;
				CLANG_WARN__DUPLICATE_METHOD_MATCH = YES;
				"CODE_SIGN_IDENTITY[sdk=iphoneos*]" = "iPhone Developer";
				COPY_PHASE_STRIP = NO;
				DEBUG_INFORMATION_FORMAT = "dwarf-with-dsym";
				ENABLE_STRICT_OBJC_MSGSEND = YES;
				GCC_C_LANGUAGE_STANDARD = gnu99;
				GCC_DYNAMIC_NO_PIC = NO;
				GCC_NO_COMMON_BLOCKS = YES;
				GCC_OPTIMIZATION_LEVEL = 0;
				GCC_PREPROCESSOR_DEFINITIONS = (
					"DEBUG=1",
					"$(inherited)",
				);
				GCC_SYMBOLS_PRIVATE_EXTERN = NO;
				GCC_WARN_64_TO_32_BIT_CONVERSION = YES;
				GCC_WARN_ABOUT_RETURN_TYPE = YES_ERROR;
				GCC_WARN_UNDECLARED_SELECTOR = YES;
				GCC_WARN_UNINITIALIZED_AUTOS = YES_AGGRESSIVE;
				GCC_WARN_UNUSED_FUNCTION = YES;
				GCC_WARN_UNUSED_VARIABLE = YES;
				IPHONEOS_DEPLOYMENT_TARGET = 8.4;
				MTL_ENABLE_DEBUG_INFO = YES;
				ONLY_ACTIVE_ARCH = YES;
				SDKROOT = iphoneos;
				SWIFT_OPTIMIZATION_LEVEL = "-Onone";
				TARGETED_DEVICE_FAMILY = "1,2";
			};
			name = Debug;
		};
		38EFDDCC1BA6FCFC0021B367 /* Release */ = {
			isa = XCBuildConfiguration;
			buildSettings = {
				ALWAYS_SEARCH_USER_PATHS = NO;
				CLANG_CXX_LANGUAGE_STANDARD = "gnu++0x";
				CLANG_CXX_LIBRARY = "libc++";
				CLANG_ENABLE_MODULES = YES;
				CLANG_ENABLE_OBJC_ARC = YES;
				CLANG_WARN_BOOL_CONVERSION = YES;
				CLANG_WARN_CONSTANT_CONVERSION = YES;
				CLANG_WARN_DIRECT_OBJC_ISA_USAGE = YES_ERROR;
				CLANG_WARN_EMPTY_BODY = YES;
				CLANG_WARN_ENUM_CONVERSION = YES;
				CLANG_WARN_INT_CONVERSION = YES;
				CLANG_WARN_OBJC_ROOT_CLASS = YES_ERROR;
				CLANG_WARN_UNREACHABLE_CODE = YES;
				CLANG_WARN__DUPLICATE_METHOD_MATCH = YES;
				"CODE_SIGN_IDENTITY[sdk=iphoneos*]" = "iPhone Developer";
				COPY_PHASE_STRIP = NO;
				DEBUG_INFORMATION_FORMAT = "dwarf-with-dsym";
				ENABLE_NS_ASSERTIONS = NO;
				ENABLE_STRICT_OBJC_MSGSEND = YES;
				GCC_C_LANGUAGE_STANDARD = gnu99;
				GCC_NO_COMMON_BLOCKS = YES;
				GCC_WARN_64_TO_32_BIT_CONVERSION = YES;
				GCC_WARN_ABOUT_RETURN_TYPE = YES_ERROR;
				GCC_WARN_UNDECLARED_SELECTOR = YES;
				GCC_WARN_UNINITIALIZED_AUTOS = YES_AGGRESSIVE;
				GCC_WARN_UNUSED_FUNCTION = YES;
				GCC_WARN_UNUSED_VARIABLE = YES;
				IPHONEOS_DEPLOYMENT_TARGET = 8.4;
				MTL_ENABLE_DEBUG_INFO = NO;
				SDKROOT = iphoneos;
				TARGETED_DEVICE_FAMILY = "1,2";
				VALIDATE_PRODUCT = YES;
			};
			name = Release;
		};
		38EFDDCE1BA6FCFC0021B367 /* Debug */ = {
			isa = XCBuildConfiguration;
			buildSettings = {
				ASSETCATALOG_COMPILER_APPICON_NAME = AppIcon;
				INFOPLIST_FILE = donantes/Info.plist;
				LD_RUNPATH_SEARCH_PATHS = "$(inherited) @executable_path/Frameworks";
				PRODUCT_NAME = "$(TARGET_NAME)";
			};
			name = Debug;
		};
		38EFDDCF1BA6FCFC0021B367 /* Release */ = {
			isa = XCBuildConfiguration;
			buildSettings = {
				ASSETCATALOG_COMPILER_APPICON_NAME = AppIcon;
				INFOPLIST_FILE = donantes/Info.plist;
				LD_RUNPATH_SEARCH_PATHS = "$(inherited) @executable_path/Frameworks";
				PRODUCT_NAME = "$(TARGET_NAME)";
			};
			name = Release;
		};
		38EFDDD11BA6FCFC0021B367 /* Debug */ = {
			isa = XCBuildConfiguration;
			buildSettings = {
				BUNDLE_LOADER = "$(TEST_HOST)";
				FRAMEWORK_SEARCH_PATHS = (
					"$(SDKROOT)/Developer/Library/Frameworks",
					"$(inherited)",
				);
				GCC_PREPROCESSOR_DEFINITIONS = (
					"DEBUG=1",
					"$(inherited)",
				);
				INFOPLIST_FILE = donantesTests/Info.plist;
				LD_RUNPATH_SEARCH_PATHS = "$(inherited) @executable_path/Frameworks @loader_path/Frameworks";
				PRODUCT_NAME = "$(TARGET_NAME)";
				TEST_HOST = "$(BUILT_PRODUCTS_DIR)/donantes.app/donantes";
			};
			name = Debug;
		};
		38EFDDD21BA6FCFC0021B367 /* Release */ = {
			isa = XCBuildConfiguration;
			buildSettings = {
				BUNDLE_LOADER = "$(TEST_HOST)";
				FRAMEWORK_SEARCH_PATHS = (
					"$(SDKROOT)/Developer/Library/Frameworks",
					"$(inherited)",
				);
				INFOPLIST_FILE = donantesTests/Info.plist;
				LD_RUNPATH_SEARCH_PATHS = "$(inherited) @executable_path/Frameworks @loader_path/Frameworks";
				PRODUCT_NAME = "$(TARGET_NAME)";
				TEST_HOST = "$(BUILT_PRODUCTS_DIR)/donantes.app/donantes";
			};
			name = Release;
		};
/* End XCBuildConfiguration section */

/* Begin XCConfigurationList section */
		38EFDDA91BA6FCFC0021B367 /* Build configuration list for PBXProject "donantes" */ = {
			isa = XCConfigurationList;
			buildConfigurations = (
				38EFDDCB1BA6FCFC0021B367 /* Debug */,
				38EFDDCC1BA6FCFC0021B367 /* Release */,
			);
			defaultConfigurationIsVisible = 0;
			defaultConfigurationName = Release;
		};
		38EFDDCD1BA6FCFC0021B367 /* Build configuration list for PBXNativeTarget "donantes" */ = {
			isa = XCConfigurationList;
			buildConfigurations = (
				38EFDDCE1BA6FCFC0021B367 /* Debug */,
				38EFDDCF1BA6FCFC0021B367 /* Release */,
			);
			defaultConfigurationIsVisible = 0;
		};
		38EFDDD01BA6FCFC0021B367 /* Build configuration list for PBXNativeTarget "donantesTests" */ = {
			isa = XCConfigurationList;
			buildConfigurations = (
				38EFDDD11BA6FCFC0021B367 /* Debug */,
				38EFDDD21BA6FCFC0021B367 /* Release */,
			);
			defaultConfigurationIsVisible = 0;
		};
/* End XCConfigurationList section */
	};
	rootObject = 38EFDDA61BA6FCFC0021B367 /* Project object */;
}
